
Microsoft Visual Studio Solution File, Format Version 12.00
# Visual Studio 2013
VisualStudioVersion = 12.0.30723.0
MinimumVisualStudioVersion = 10.0.40219.1
Project("{FAE04EC0-301F-11D3-BF4B-00C04F79EFBC}") = "MasterChef.Models", "MasterChef.Models\MasterChef.Models.csproj", "{3B6CA74D-6955-46DE-8FB6-A648C0F92D31}"
EndProject
Project("{FAE04EC0-301F-11D3-BF4B-00C04F79EFBC}") = "MasterChef.Data", "MasterChef.Data\MasterChef.Data.csproj", "{58D8F1D9-9074-4D9A-8C72-C8F835012080}"
EndProject
Project("{FAE04EC0-301F-11D3-BF4B-00C04F79EFBC}") = "MasterChef.Web", "MasterChef.Web\MasterChef.Web.csproj", "{B7E19F79-1421-4353-BF4B-FD0ABE2B5B3F}"
EndProject
Project("{FAE04EC0-301F-11D3-BF4B-00C04F79EFBC}") = "MasterChef.IntegrationTests", "MasterChef.IntegrationTests\MasterChef.IntegrationTests.csproj", "{EC83E056-17F2-4E77-A52A-2F10221E2D58}"
EndProject
Global
	GlobalSection(SolutionConfigurationPlatforms) = preSolution
		Debug|Any CPU = Debug|Any CPU
		Release|Any CPU = Release|Any CPU
	EndGlobalSection
	GlobalSection(ProjectConfigurationPlatforms) = postSolution
		{3B6CA74D-6955-46DE-8FB6-A648C0F92D31}.Debug|Any CPU.ActiveCfg = Debug|Any CPU
		{3B6CA74D-6955-46DE-8FB6-A648C0F92D31}.Debug|Any CPU.Build.0 = Debug|Any CPU
		{3B6CA74D-6955-46DE-8FB6-A648C0F92D31}.Release|Any CPU.ActiveCfg = Release|Any CPU
		{3B6CA74D-6955-46DE-8FB6-A648C0F92D31}.Release|Any CPU.Build.0 = Release|Any CPU
		{58D8F1D9-9074-4D9A-8C72-C8F835012080}.Debug|Any CPU.ActiveCfg = Debug|Any CPU
		{58D8F1D9-9074-4D9A-8C72-C8F835012080}.Debug|Any CPU.Build.0 = Debug|Any CPU
		{58D8F1D9-9074-4D9A-8C72-C8F835012080}.Release|Any CPU.ActiveCfg = Release|Any CPU
		{58D8F1D9-9074-4D9A-8C72-C8F835012080}.Release|Any CPU.Build.0 = Release|Any CPU
		{B7E19F79-1421-4353-BF4B-FD0ABE2B5B3F}.Debug|Any CPU.ActiveCfg = Debug|Any CPU
		{B7E19F79-1421-4353-BF4B-FD0ABE2B5B3F}.Debug|Any CPU.Build.0 = Debug|Any CPU
		{B7E19F79-1421-4353-BF4B-FD0ABE2B5B3F}.Release|Any CPU.ActiveCfg = Release|Any CPU
		{B7E19F79-1421-4353-BF4B-FD0ABE2B5B3F}.Release|Any CPU.Build.0 = Release|Any CPU
		{EC83E056-17F2-4E77-A52A-2F10221E2D58}.Debug|Any CPU.ActiveCfg = Debug|Any CPU
		{EC83E056-17F2-4E77-A52A-2F10221E2D58}.Debug|Any CPU.Build.0 = Debug|Any CPU
		{EC83E056-17F2-4E77-A52A-2F10221E2D58}.Release|Any CPU.ActiveCfg = Release|Any CPU
		{EC83E056-17F2-4E77-A52A-2F10221E2D58}.Release|Any CPU.Build.0 = Release|Any CPU
	EndGlobalSection
	GlobalSection(SolutionProperties) = preSolution
		HideSolutionNode = FALSE
	EndGlobalSection
EndGlobal
